
Microsoft Visual Studio Solution File, Format Version 12.00
Project("{FAE04EC0-301F-11D3-BF4B-00C04F79EFBC}") = "WstecznaPropogacja", "WstecznaPropogacja\WstecznaPropogacja.csproj", "{1AB96F98-2BB3-4517-938A-0FE399C28DE6}"
EndProject
Global
	GlobalSection(SolutionConfigurationPlatforms) = preSolution
		Debug|Any CPU = Debug|Any CPU
		Release|Any CPU = Release|Any CPU
	EndGlobalSection
	GlobalSection(ProjectConfigurationPlatforms) = postSolution
		{1AB96F98-2BB3-4517-938A-0FE399C28DE6}.Debug|Any CPU.ActiveCfg = Debug|Any CPU
		{1AB96F98-2BB3-4517-938A-0FE399C28DE6}.Debug|Any CPU.Build.0 = Debug|Any CPU
		{1AB96F98-2BB3-4517-938A-0FE399C28DE6}.Release|Any CPU.ActiveCfg = Release|Any CPU
		{1AB96F98-2BB3-4517-938A-0FE399C28DE6}.Release|Any CPU.Build.0 = Release|Any CPU
	EndGlobalSection
EndGlobal
