
Microsoft Visual Studio Solution File, Format Version 12.00
Project("{FAE04EC0-301F-11D3-BF4B-00C04F79EFBC}") = "KNN Okienkowy", "KNN Okienkowy\KNN Okienkowy.csproj", "{C40DBC2C-E485-4626-96CA-A37534051375}"
EndProject
Global
	GlobalSection(SolutionConfigurationPlatforms) = preSolution
		Debug|Any CPU = Debug|Any CPU
		Release|Any CPU = Release|Any CPU
	EndGlobalSection
	GlobalSection(ProjectConfigurationPlatforms) = postSolution
		{C40DBC2C-E485-4626-96CA-A37534051375}.Debug|Any CPU.ActiveCfg = Debug|Any CPU
		{C40DBC2C-E485-4626-96CA-A37534051375}.Debug|Any CPU.Build.0 = Debug|Any CPU
		{C40DBC2C-E485-4626-96CA-A37534051375}.Release|Any CPU.ActiveCfg = Release|Any CPU
		{C40DBC2C-E485-4626-96CA-A37534051375}.Release|Any CPU.Build.0 = Release|Any CPU
	EndGlobalSection
EndGlobal
