
Microsoft Visual Studio Solution File, Format Version 12.00
Project("{FAE04EC0-301F-11D3-BF4B-00C04F79EFBC}") = "MIWZadanie3", "MIWZadanie3\MIWZadanie3.csproj", "{974AB60C-AB8C-4F39-8978-A91F9482FD1C}"
EndProject
Global
	GlobalSection(SolutionConfigurationPlatforms) = preSolution
		Debug|Any CPU = Debug|Any CPU
		Release|Any CPU = Release|Any CPU
	EndGlobalSection
	GlobalSection(ProjectConfigurationPlatforms) = postSolution
		{974AB60C-AB8C-4F39-8978-A91F9482FD1C}.Debug|Any CPU.ActiveCfg = Debug|Any CPU
		{974AB60C-AB8C-4F39-8978-A91F9482FD1C}.Debug|Any CPU.Build.0 = Debug|Any CPU
		{974AB60C-AB8C-4F39-8978-A91F9482FD1C}.Release|Any CPU.ActiveCfg = Release|Any CPU
		{974AB60C-AB8C-4F39-8978-A91F9482FD1C}.Release|Any CPU.Build.0 = Release|Any CPU
	EndGlobalSection
EndGlobal
